
Microsoft Visual Studio Solution File, Format Version 12.00
# Visual Studio 2013
VisualStudioVersion = 12.0.40629.0
MinimumVisualStudioVersion = 10.0.40219.1
Project("{FAE04EC0-301F-11D3-BF4B-00C04F79EFBC}") = "NextBiggerNumber", "NextBiggerNumber\NextBiggerNumber.csproj", "{D0DBD991-FB00-439D-BC11-5BF31E8EED1D}"
EndProject
Project("{FAE04EC0-301F-11D3-BF4B-00C04F79EFBC}") = "ClassLibrary1", "ClassLibrary1\ClassLibrary1.csproj", "{AFD2C6CB-D25E-4E31-94C2-4E13DD6A2368}"
EndProject
Global
	GlobalSection(SolutionConfigurationPlatforms) = preSolution
		Debug|Any CPU = Debug|Any CPU
		Release|Any CPU = Release|Any CPU
	EndGlobalSection
	GlobalSection(ProjectConfigurationPlatforms) = postSolution
		{D0DBD991-FB00-439D-BC11-5BF31E8EED1D}.Debug|Any CPU.ActiveCfg = Debug|Any CPU
		{D0DBD991-FB00-439D-BC11-5BF31E8EED1D}.Debug|Any CPU.Build.0 = Debug|Any CPU
		{D0DBD991-FB00-439D-BC11-5BF31E8EED1D}.Release|Any CPU.ActiveCfg = Release|Any CPU
		{D0DBD991-FB00-439D-BC11-5BF31E8EED1D}.Release|Any CPU.Build.0 = Release|Any CPU
		{AFD2C6CB-D25E-4E31-94C2-4E13DD6A2368}.Debug|Any CPU.ActiveCfg = Debug|Any CPU
		{AFD2C6CB-D25E-4E31-94C2-4E13DD6A2368}.Debug|Any CPU.Build.0 = Debug|Any CPU
		{AFD2C6CB-D25E-4E31-94C2-4E13DD6A2368}.Release|Any CPU.ActiveCfg = Release|Any CPU
		{AFD2C6CB-D25E-4E31-94C2-4E13DD6A2368}.Release|Any CPU.Build.0 = Release|Any CPU
	EndGlobalSection
	GlobalSection(SolutionProperties) = preSolution
		HideSolutionNode = FALSE
	EndGlobalSection
EndGlobal
